<Project xmlns="http://schemas.microsoft.com/developer/msbuild/2003">
  <PropertyGroup>
    <ProjectGuid>{9B50C92F-7178-4212-98D2-3B69B8D3B003}</ProjectGuid>
    <MainSource>Horizonte.IntegrationTests.dpr</MainSource>
    <Config Condition="'$(Config)'==''">Debug</Config>
    <Platform Condition="'$(Platform)'==''">Win64</Platform>
    <ProjectVersion>20.0</ProjectVersion><FrameworkType>VCL</FrameworkType><Base>True</Base><TargetedPlatforms>3</TargetedPlatforms><AppType>Console</AppType>
  </PropertyGroup>
  <PropertyGroup Condition="'$(Config)'=='Base' or '$(Base)'!=''"><Base>true</Base></PropertyGroup>
  <PropertyGroup Condition="('$(Platform)'=='Win32' and '$(Base)'=='true') or '$(Base_Win32)'!=''"><Base_Win32>true</Base_Win32><CfgParent>Base</CfgParent><Base>true</Base><DCC_DCCCompiler>DCC32</DCC_DCCCompiler><DCC_Platform>x86</DCC_Platform></PropertyGroup>
  <PropertyGroup Condition="('$(Platform)'=='Win64' and '$(Base)'=='true') or '$(Base_Win64)'!=''"><Base_Win64>true</Base_Win64><CfgParent>Base</CfgParent><Base>true</Base><DCC_DCCCompiler>DCC64</DCC_DCCCompiler><DCC_Platform>x64</DCC_Platform></PropertyGroup>
  <PropertyGroup Condition="'$(Config)'=='Release' or '$(Cfg_1)'!=''"><Cfg_1>true</Cfg_1><CfgParent>Base</CfgParent><Base>true</Base></PropertyGroup>
  <PropertyGroup Condition="'$(Config)'=='Debug' or '$(Cfg_2)'!=''"><Cfg_2>true</Cfg_2><CfgParent>Base</CfgParent><Base>true</Base></PropertyGroup>
  <PropertyGroup Condition="'$(Base)'!=''">
    <SanitizedProjectName>HorizonteIntegrationTests</SanitizedProjectName>
    <DCC_ExeOutput>..\..\bin\$(Platform)\$(Config)</DCC_ExeOutput><DCC_DcuOutput>..\..\lib\$(Platform)\$(Config)</DCC_DcuOutput>
    <DCC_UnitSearchPath>..\..\src\Horizonte.Domain;..\..\src\Horizonte.Application;..\..\src\Horizonte.Infrastructure;$(BDS)\lib\$(Platform)\release</DCC_UnitSearchPath>
    <DCC_Namespace>System;Winapi;Vcl;Data;Xml;FireDAC</DCC_Namespace><DCC_DependencyCheckOutputName>Horizonte.IntegrationTests.exe</DCC_DependencyCheckOutputName>
    <DCC_UsePackage></DCC_UsePackage><DCC_ForceExecute>true</DCC_ForceExecute>
  </PropertyGroup>
  <PropertyGroup Condition="'$(Cfg_1)'!=''"><DCC_Define>RELEASE;$(DCC_Define)</DCC_Define><DCC_DebugInformation>0</DCC_DebugInformation><DCC_LocalDebugSymbols>false</DCC_LocalDebugSymbols></PropertyGroup>
  <PropertyGroup Condition="'$(Cfg_2)'!=''"><DCC_Define>DEBUG;$(DCC_Define)</DCC_Define></PropertyGroup>
  <ItemGroup>
    <DelphiCompile Include="$(MainSource)"><MainSource>MainSource</MainSource></DelphiCompile>
    <DCCReference Include="Horizonte.IntegrationTests.FireDAC.pas" />
    <BuildConfiguration Include="Base"><Key>Base</Key></BuildConfiguration><BuildConfiguration Include="Debug"><Key>Cfg_2</Key><CfgParent>Base</CfgParent></BuildConfiguration><BuildConfiguration Include="Release"><Key>Cfg_1</Key><CfgParent>Base</CfgParent></BuildConfiguration>
  </ItemGroup>
  <PropertyGroup Condition="'$(Base)'!=''"><DCC_CodePage>65001</DCC_CodePage></PropertyGroup>
  <Import Project="$(BDS)\Bin\CodeGear.Delphi.Targets" Condition="Exists('$(BDS)\Bin\CodeGear.Delphi.Targets')" />
  <ProjectExtensions><Borland.Personality>Delphi.Personality.12</Borland.Personality><BorlandProject><Delphi.Personality><Source><Source Name="MainSource">Horizonte.IntegrationTests.dpr</Source></Source><Platforms><Platform value="Win32">True</Platform><Platform value="Win64">True</Platform></Platforms></Delphi.Personality><ProjectFileVersion>12</ProjectFileVersion></BorlandProject></ProjectExtensions>
</Project>
